// !$*UTF8*$!
{
	archiveVersion = 1;
	classes = {
	};
	objectVersion = 46;
	objects = {

/* Begin PBXBuildFile section */
		1772B7431F6A19BE00E49A96 /* main.m in Sources */ = {isa = PBXBuildFile; fileRef = 1772B7421F6A19BE00E49A96 /* main.m */; };
		1772B7461F6A19BE00E49A96 /* AppDelegate.m in Sources */ = {isa = PBXBuildFile; fileRef = 1772B7451F6A19BE00E49A96 /* AppDelegate.m */; };
		1772B74E1F6A19BE00E49A96 /* Assets.xcassets in Resources */ = {isa = PBXBuildFile; fileRef = 1772B74D1F6A19BE00E49A96 /* Assets.xcassets */; };
		1772B75C1F6A19BE00E49A96 /* KSCaptureTests.m in Sources */ = {isa = PBXBuildFile; fileRef = 1772B75B1F6A19BE00E49A96 /* KSCaptureTests.m */; };
		1772B7671F6A19BE00E49A96 /* KSCaptureUITests.m in Sources */ = {isa = PBXBuildFile; fileRef = 1772B7661F6A19BE00E49A96 /* KSCaptureUITests.m */; };
		1772B7761F6A1B9700E49A96 /* AVFoundation.framework in Frameworks */ = {isa = PBXBuildFile; fileRef = 1772B7751F6A1B9700E49A96 /* AVFoundation.framework */; };
		1772B7781F6A1BA500E49A96 /* MobileCoreServices.framework in Frameworks */ = {isa = PBXBuildFile; fileRef = 1772B7771F6A1BA500E49A96 /* MobileCoreServices.framework */; };
		1772B8861F6A7BD400E49A96 /* KSRootViewController.m in Sources */ = {isa = PBXBuildFile; fileRef = 1772B8851F6A7BD400E49A96 /* KSRootViewController.m */; };
		1786F75D1F6BAC3E008DC244 /* KSAVFoundationManager.m in Sources */ = {isa = PBXBuildFile; fileRef = 1786F7281F6BAC3E008DC244 /* KSAVFoundationManager.m */; };
		1786F75E1F6BAC3E008DC244 /* KSCaptureTool.m in Sources */ = {isa = PBXBuildFile; fileRef = 1786F72B1F6BAC3E008DC244 /* KSCaptureTool.m */; };
		1786F75F1F6BAC3E008DC244 /* KSMotionManager.m in Sources */ = {isa = PBXBuildFile; fileRef = 1786F72D1F6BAC3E008DC244 /* KSMotionManager.m */; };
		1786F76D1F6BAC3E008DC244 /* KSCaptureView.m in Sources */ = {isa = PBXBuildFile; fileRef = 1786F73E1F6BAC3E008DC244 /* KSCaptureView.m */; };
		1786F76E1F6BAC3E008DC244 /* KSRecorderFocusTargetView.m in Sources */ = {isa = PBXBuildFile; fileRef = 1786F7401F6BAC3E008DC244 /* KSRecorderFocusTargetView.m */; };
		1786F7701F6BAC3E008DC244 /* KSTakePhotoManager.m in Sources */ = {isa = PBXBuildFile; fileRef = 1786F7461F6BAC3E008DC244 /* KSTakePhotoManager.m */; };
		1786F7711F6BAC3E008DC244 /* KSTakePhotoOperateView.m in Sources */ = {isa = PBXBuildFile; fileRef = 1786F7491F6BAC3E008DC244 /* KSTakePhotoOperateView.m */; };
		1786F7721F6BAC3E008DC244 /* KSTakePhotoViewController.m in Sources */ = {isa = PBXBuildFile; fileRef = 1786F74C1F6BAC3E008DC244 /* KSTakePhotoViewController.m */; };
		1786F7731F6BAC3E008DC244 /* KSTakeVideoManager.m in Sources */ = {isa = PBXBuildFile; fileRef = 1786F7511F6BAC3E008DC244 /* KSTakeVideoManager.m */; };
		1786F7741F6BAC3E008DC244 /* KSVideoWriter.m in Sources */ = {isa = PBXBuildFile; fileRef = 1786F7531F6BAC3E008DC244 /* KSVideoWriter.m */; };
		1786F7751F6BAC3E008DC244 /* KSVideoPlayer.m in Sources */ = {isa = PBXBuildFile; fileRef = 1786F7561F6BAC3E008DC244 /* KSVideoPlayer.m */; };
		1786F7761F6BAC3E008DC244 /* KSTakeVideoOperateView.m in Sources */ = {isa = PBXBuildFile; fileRef = 1786F7591F6BAC3E008DC244 /* KSTakeVideoOperateView.m */; };
		1786F7771F6BAC3E008DC244 /* KSTakeVideoViewController.m in Sources */ = {isa = PBXBuildFile; fileRef = 1786F75C1F6BAC3E008DC244 /* KSTakeVideoViewController.m */; };
		1787F5B91FE7C83800FDD6D0 /* KSCapture_OCR@2x.png in Resources */ = {isa = PBXBuildFile; fileRef = 1787F5A71FE7C83800FDD6D0 /* KSCapture_OCR@2x.png */; };
		1787F5BA1FE7C83800FDD6D0 /* KSCapture_OCR@3x.png in Resources */ = {isa = PBXBuildFile; fileRef = 1787F5A81FE7C83800FDD6D0 /* KSCapture_OCR@3x.png */; };
		1787F5BB1FE7C83800FDD6D0 /* KSCapture_scan_focus.png in Resources */ = {isa = PBXBuildFile; fileRef = 1787F5A91FE7C83800FDD6D0 /* KSCapture_scan_focus.png */; };
		1787F5BC1FE7C83800FDD6D0 /* KSCapture_scan_focus@2x.png in Resources */ = {isa = PBXBuildFile; fileRef = 1787F5AA1FE7C83800FDD6D0 /* KSCapture_scan_focus@2x.png */; };
		1787F5BD1FE7C83800FDD6D0 /* KSCapture_scan_focus@3x.png in Resources */ = {isa = PBXBuildFile; fileRef = 1787F5AB1FE7C83800FDD6D0 /* KSCapture_scan_focus@3x.png */; };
		1787F5BE1FE7C83800FDD6D0 /* KSCaptureFlash_Off@2x.png in Resources */ = {isa = PBXBuildFile; fileRef = 1787F5AC1FE7C83800FDD6D0 /* KSCaptureFlash_Off@2x.png */; };
		1787F5BF1FE7C83800FDD6D0 /* KSCaptureFlash_Off@3x.png in Resources */ = {isa = PBXBuildFile; fileRef = 1787F5AD1FE7C83800FDD6D0 /* KSCaptureFlash_Off@3x.png */; };
		1787F5C01FE7C83800FDD6D0 /* KSCaptureFlash_On@2x.png in Resources */ = {isa = PBXBuildFile; fileRef = 1787F5AE1FE7C83800FDD6D0 /* KSCaptureFlash_On@2x.png */; };
		1787F5C11FE7C83800FDD6D0 /* KSCaptureFlash_On@3x.png in Resources */ = {isa = PBXBuildFile; fileRef = 1787F5AF1FE7C83800FDD6D0 /* KSCaptureFlash_On@3x.png */; };
		1787F5C21FE7C83800FDD6D0 /* KSCaptureGuideLine_Nor@2x.png in Resources */ = {isa = PBXBuildFile; fileRef = 1787F5B01FE7C83800FDD6D0 /* KSCaptureGuideLine_Nor@2x.png */; };
		1787F5C31FE7C83800FDD6D0 /* KSSwitchCamera_Nor@2x.png in Resources */ = {isa = PBXBuildFile; fileRef = 1787F5B11FE7C83800FDD6D0 /* KSSwitchCamera_Nor@2x.png */; };
		1787F5C41FE7C83800FDD6D0 /* KSSwitchCamera_Nor@3x.png in Resources */ = {isa = PBXBuildFile; fileRef = 1787F5B21FE7C83800FDD6D0 /* KSSwitchCamera_Nor@3x.png */; };
		1787F5C51FE7C83800FDD6D0 /* KSSwitchCamera_Sel@2x.png in Resources */ = {isa = PBXBuildFile; fileRef = 1787F5B31FE7C83800FDD6D0 /* KSSwitchCamera_Sel@2x.png */; };
		1787F5C61FE7C83800FDD6D0 /* KSSwitchCamera_Sel@3x.png in Resources */ = {isa = PBXBuildFile; fileRef = 1787F5B41FE7C83800FDD6D0 /* KSSwitchCamera_Sel@3x.png */; };
		1787F5C71FE7C83800FDD6D0 /* KSTakePhoto_Nor@2x.png in Resources */ = {isa = PBXBuildFile; fileRef = 1787F5B51FE7C83800FDD6D0 /* KSTakePhoto_Nor@2x.png */; };
		1787F5C81FE7C83800FDD6D0 /* KSTakePhoto_Nor@3x.png in Resources */ = {isa = PBXBuildFile; fileRef = 1787F5B61FE7C83800FDD6D0 /* KSTakePhoto_Nor@3x.png */; };
		1787F5C91FE7C83800FDD6D0 /* KSTakePhoto_Sel@2x.png in Resources */ = {isa = PBXBuildFile; fileRef = 1787F5B71FE7C83800FDD6D0 /* KSTakePhoto_Sel@2x.png */; };
		1787F5CA1FE7C83800FDD6D0 /* KSTakePhoto_Sel@3x.png in Resources */ = {isa = PBXBuildFile; fileRef = 1787F5B81FE7C83800FDD6D0 /* KSTakePhoto_Sel@3x.png */; };
		1787F5CD1FE7C87B00FDD6D0 /* KSRecordProgressView.m in Sources */ = {isa = PBXBuildFile; fileRef = 1787F5CC1FE7C87B00FDD6D0 /* KSRecordProgressView.m */; };
/* End PBXBuildFile section */

/* Begin PBXContainerItemProxy section */
		1772B7581F6A19BE00E49A96 /* PBXContainerItemProxy */ = {
			isa = PBXContainerItemProxy;
			containerPortal = 1772B7361F6A19BD00E49A96 /* Project object */;
			proxyType = 1;
			remoteGlobalIDString = 1772B73D1F6A19BE00E49A96;
			remoteInfo = KSCapture;
		};
		1772B7631F6A19BE00E49A96 /* PBXContainerItemProxy */ = {
			isa = PBXContainerItemProxy;
			containerPortal = 1772B7361F6A19BD00E49A96 /* Project object */;
			proxyType = 1;
			remoteGlobalIDString = 1772B73D1F6A19BE00E49A96;
			remoteInfo = KSCapture;
		};
/* End PBXContainerItemProxy section */

/* Begin PBXFileReference section */
		1772B73E1F6A19BE00E49A96 /* KSCapture.app */ = {isa = PBXFileReference; explicitFileType = wrapper.application; includeInIndex = 0; path = KSCapture.app; sourceTree = BUILT_PRODUCTS_DIR; };
		1772B7421F6A19BE00E49A96 /* main.m */ = {isa = PBXFileReference; lastKnownFileType = sourcecode.c.objc; path = main.m; sourceTree = "<group>"; };
		1772B7441F6A19BE00E49A96 /* AppDelegate.h */ = {isa = PBXFileReference; lastKnownFileType = sourcecode.c.h; path = AppDelegate.h; sourceTree = "<group>"; };
		1772B7451F6A19BE00E49A96 /* AppDelegate.m */ = {isa = PBXFileReference; lastKnownFileType = sourcecode.c.objc; path = AppDelegate.m; sourceTree = "<group>"; };
		1772B74D1F6A19BE00E49A96 /* Assets.xcassets */ = {isa = PBXFileReference; lastKnownFileType = folder.assetcatalog; path = Assets.xcassets; sourceTree = "<group>"; };
		1772B7521F6A19BE00E49A96 /* Info.plist */ = {isa = PBXFileReference; lastKnownFileType = text.plist.xml; path = Info.plist; sourceTree = "<group>"; };
		1772B7571F6A19BE00E49A96 /* KSCaptureTests.xctest */ = {isa = PBXFileReference; explicitFileType = wrapper.cfbundle; includeInIndex = 0; path = KSCaptureTests.xctest; sourceTree = BUILT_PRODUCTS_DIR; };
		1772B75B1F6A19BE00E49A96 /* KSCaptureTests.m */ = {isa = PBXFileReference; lastKnownFileType = sourcecode.c.objc; path = KSCaptureTests.m; sourceTree = "<group>"; };
		1772B75D1F6A19BE00E49A96 /* Info.plist */ = {isa = PBXFileReference; lastKnownFileType = text.plist.xml; path = Info.plist; sourceTree = "<group>"; };
		1772B7621F6A19BE00E49A96 /* KSCaptureUITests.xctest */ = {isa = PBXFileReference; explicitFileType = wrapper.cfbundle; includeInIndex = 0; path = KSCaptureUITests.xctest; sourceTree = BUILT_PRODUCTS_DIR; };
		1772B7661F6A19BE00E49A96 /* KSCaptureUITests.m */ = {isa = PBXFileReference; lastKnownFileType = sourcecode.c.objc; path = KSCaptureUITests.m; sourceTree = "<group>"; };
		1772B7681F6A19BE00E49A96 /* Info.plist */ = {isa = PBXFileReference; lastKnownFileType = text.plist.xml; path = Info.plist; sourceTree = "<group>"; };
		1772B7751F6A1B9700E49A96 /* AVFoundation.framework */ = {isa = PBXFileReference; lastKnownFileType = wrapper.framework; name = AVFoundation.framework; path = System/Library/Frameworks/AVFoundation.framework; sourceTree = SDKROOT; };
		1772B7771F6A1BA500E49A96 /* MobileCoreServices.framework */ = {isa = PBXFileReference; lastKnownFileType = wrapper.framework; name = MobileCoreServices.framework; path = System/Library/Frameworks/MobileCoreServices.framework; sourceTree = SDKROOT; };
		1772B8491F6A307000E49A96 /* PrefixHeader.pch */ = {isa = PBXFileReference; fileEncoding = 4; lastKnownFileType = sourcecode.c.h; path = PrefixHeader.pch; sourceTree = "<group>"; };
		1772B8841F6A7BD400E49A96 /* KSRootViewController.h */ = {isa = PBXFileReference; fileEncoding = 4; lastKnownFileType = sourcecode.c.h; path = KSRootViewController.h; sourceTree = "<group>"; };
		1772B8851F6A7BD400E49A96 /* KSRootViewController.m */ = {isa = PBXFileReference; fileEncoding = 4; lastKnownFileType = sourcecode.c.objc; path = KSRootViewController.m; sourceTree = "<group>"; };
		1786F7271F6BAC3E008DC244 /* KSAVFoundationManager.h */ = {isa = PBXFileReference; fileEncoding = 4; lastKnownFileType = sourcecode.c.h; path = KSAVFoundationManager.h; sourceTree = "<group>"; };
		1786F7281F6BAC3E008DC244 /* KSAVFoundationManager.m */ = {isa = PBXFileReference; fileEncoding = 4; lastKnownFileType = sourcecode.c.objc; path = KSAVFoundationManager.m; sourceTree = "<group>"; };
		1786F7291F6BAC3E008DC244 /* KSCaptureConfig.h */ = {isa = PBXFileReference; fileEncoding = 4; lastKnownFileType = sourcecode.c.h; path = KSCaptureConfig.h; sourceTree = "<group>"; };
		1786F72A1F6BAC3E008DC244 /* KSCaptureTool.h */ = {isa = PBXFileReference; fileEncoding = 4; lastKnownFileType = sourcecode.c.h; path = KSCaptureTool.h; sourceTree = "<group>"; };
		1786F72B1F6BAC3E008DC244 /* KSCaptureTool.m */ = {isa = PBXFileReference; fileEncoding = 4; lastKnownFileType = sourcecode.c.objc; path = KSCaptureTool.m; sourceTree = "<group>"; };
		1786F72C1F6BAC3E008DC244 /* KSMotionManager.h */ = {isa = PBXFileReference; fileEncoding = 4; lastKnownFileType = sourcecode.c.h; path = KSMotionManager.h; sourceTree = "<group>"; };
		1786F72D1F6BAC3E008DC244 /* KSMotionManager.m */ = {isa = PBXFileReference; fileEncoding = 4; lastKnownFileType = sourcecode.c.objc; path = KSMotionManager.m; sourceTree = "<group>"; };
		1786F73D1F6BAC3E008DC244 /* KSCaptureView.h */ = {isa = PBXFileReference; fileEncoding = 4; lastKnownFileType = sourcecode.c.h; path = KSCaptureView.h; sourceTree = "<group>"; };
		1786F73E1F6BAC3E008DC244 /* KSCaptureView.m */ = {isa = PBXFileReference; fileEncoding = 4; lastKnownFileType = sourcecode.c.objc; path = KSCaptureView.m; sourceTree = "<group>"; };
		1786F73F1F6BAC3E008DC244 /* KSRecorderFocusTargetView.h */ = {isa = PBXFileReference; fileEncoding = 4; lastKnownFileType = sourcecode.c.h; path = KSRecorderFocusTargetView.h; sourceTree = "<group>"; };
		1786F7401F6BAC3E008DC244 /* KSRecorderFocusTargetView.m */ = {isa = PBXFileReference; fileEncoding = 4; lastKnownFileType = sourcecode.c.objc; path = KSRecorderFocusTargetView.m; sourceTree = "<group>"; };
		1786F7451F6BAC3E008DC244 /* KSTakePhotoManager.h */ = {isa = PBXFileReference; fileEncoding = 4; lastKnownFileType = sourcecode.c.h; path = KSTakePhotoManager.h; sourceTree = "<group>"; };
		1786F7461F6BAC3E008DC244 /* KSTakePhotoManager.m */ = {isa = PBXFileReference; fileEncoding = 4; lastKnownFileType = sourcecode.c.objc; path = KSTakePhotoManager.m; sourceTree = "<group>"; };
		1786F7481F6BAC3E008DC244 /* KSTakePhotoOperateView.h */ = {isa = PBXFileReference; fileEncoding = 4; lastKnownFileType = sourcecode.c.h; path = KSTakePhotoOperateView.h; sourceTree = "<group>"; };
		1786F7491F6BAC3E008DC244 /* KSTakePhotoOperateView.m */ = {isa = PBXFileReference; fileEncoding = 4; lastKnownFileType = sourcecode.c.objc; path = KSTakePhotoOperateView.m; sourceTree = "<group>"; };
		1786F74B1F6BAC3E008DC244 /* KSTakePhotoViewController.h */ = {isa = PBXFileReference; fileEncoding = 4; lastKnownFileType = sourcecode.c.h; path = KSTakePhotoViewController.h; sourceTree = "<group>"; };
		1786F74C1F6BAC3E008DC244 /* KSTakePhotoViewController.m */ = {isa = PBXFileReference; fileEncoding = 4; lastKnownFileType = sourcecode.c.objc; path = KSTakePhotoViewController.m; sourceTree = "<group>"; };
		1786F7501F6BAC3E008DC244 /* KSTakeVideoManager.h */ = {isa = PBXFileReference; fileEncoding = 4; lastKnownFileType = sourcecode.c.h; path = KSTakeVideoManager.h; sourceTree = "<group>"; };
		1786F7511F6BAC3E008DC244 /* KSTakeVideoManager.m */ = {isa = PBXFileReference; fileEncoding = 4; lastKnownFileType = sourcecode.c.objc; path = KSTakeVideoManager.m; sourceTree = "<group>"; };
		1786F7521F6BAC3E008DC244 /* KSVideoWriter.h */ = {isa = PBXFileReference; fileEncoding = 4; lastKnownFileType = sourcecode.c.h; path = KSVideoWriter.h; sourceTree = "<group>"; };
		1786F7531F6BAC3E008DC244 /* KSVideoWriter.m */ = {isa = PBXFileReference; fileEncoding = 4; lastKnownFileType = sourcecode.c.objc; path = KSVideoWriter.m; sourceTree = "<group>"; };
		1786F7551F6BAC3E008DC244 /* KSVideoPlayer.h */ = {isa = PBXFileReference; fileEncoding = 4; lastKnownFileType = sourcecode.c.h; path = KSVideoPlayer.h; sourceTree = "<group>"; };
		1786F7561F6BAC3E008DC244 /* KSVideoPlayer.m */ = {isa = PBXFileReference; fileEncoding = 4; lastKnownFileType = sourcecode.c.objc; path = KSVideoPlayer.m; sourceTree = "<group>"; };
		1786F7581F6BAC3E008DC244 /* KSTakeVideoOperateView.h */ = {isa = PBXFileReference; fileEncoding = 4; lastKnownFileType = sourcecode.c.h; path = KSTakeVideoOperateView.h; sourceTree = "<group>"; };
		1786F7591F6BAC3E008DC244 /* KSTakeVideoOperateView.m */ = {isa = PBXFileReference; fileEncoding = 4; lastKnownFileType = sourcecode.c.objc; path = KSTakeVideoOperateView.m; sourceTree = "<group>"; };
		1786F75B1F6BAC3E008DC244 /* KSTakeVideoViewController.h */ = {isa = PBXFileReference; fileEncoding = 4; lastKnownFileType = sourcecode.c.h; path = KSTakeVideoViewController.h; sourceTree = "<group>"; };
		1786F75C1F6BAC3E008DC244 /* KSTakeVideoViewController.m */ = {isa = PBXFileReference; fileEncoding = 4; lastKnownFileType = sourcecode.c.objc; path = KSTakeVideoViewController.m; sourceTree = "<group>"; };
		1787F5A71FE7C83800FDD6D0 /* KSCapture_OCR@2x.png */ = {isa = PBXFileReference; lastKnownFileType = image.png; path = "KSCapture_OCR@2x.png"; sourceTree = "<group>"; };
		1787F5A81FE7C83800FDD6D0 /* KSCapture_OCR@3x.png */ = {isa = PBXFileReference; lastKnownFileType = image.png; path = "KSCapture_OCR@3x.png"; sourceTree = "<group>"; };
		1787F5A91FE7C83800FDD6D0 /* KSCapture_scan_focus.png */ = {isa = PBXFileReference; lastKnownFileType = image.png; path = KSCapture_scan_focus.png; sourceTree = "<group>"; };
		1787F5AA1FE7C83800FDD6D0 /* KSCapture_scan_focus@2x.png */ = {isa = PBXFileReference; lastKnownFileType = image.png; path = "KSCapture_scan_focus@2x.png"; sourceTree = "<group>"; };
		1787F5AB1FE7C83800FDD6D0 /* KSCapture_scan_focus@3x.png */ = {isa = PBXFileReference; lastKnownFileType = image.png; path = "KSCapture_scan_focus@3x.png"; sourceTree = "<group>"; };
		1787F5AC1FE7C83800FDD6D0 /* KSCaptureFlash_Off@2x.png */ = {isa = PBXFileReference; lastKnownFileType = image.png; path = "KSCaptureFlash_Off@2x.png"; sourceTree = "<group>"; };
		1787F5AD1FE7C83800FDD6D0 /* KSCaptureFlash_Off@3x.png */ = {isa = PBXFileReference; lastKnownFileType = image.png; path = "KSCaptureFlash_Off@3x.png"; sourceTree = "<group>"; };
		1787F5AE1FE7C83800FDD6D0 /* KSCaptureFlash_On@2x.png */ = {isa = PBXFileReference; lastKnownFileType = image.png; path = "KSCaptureFlash_On@2x.png"; sourceTree = "<group>"; };
		1787F5AF1FE7C83800FDD6D0 /* KSCaptureFlash_On@3x.png */ = {isa = PBXFileReference; lastKnownFileType = image.png; path = "KSCaptureFlash_On@3x.png"; sourceTree = "<group>"; };
		1787F5B01FE7C83800FDD6D0 /* KSCaptureGuideLine_Nor@2x.png */ = {isa = PBXFileReference; lastKnownFileType = image.png; path = "KSCaptureGuideLine_Nor@2x.png"; sourceTree = "<group>"; };
		1787F5B11FE7C83800FDD6D0 /* KSSwitchCamera_Nor@2x.png */ = {isa = PBXFileReference; lastKnownFileType = image.png; path = "KSSwitchCamera_Nor@2x.png"; sourceTree = "<group>"; };
		1787F5B21FE7C83800FDD6D0 /* KSSwitchCamera_Nor@3x.png */ = {isa = PBXFileReference; lastKnownFileType = image.png; path = "KSSwitchCamera_Nor@3x.png"; sourceTree = "<group>"; };
		1787F5B31FE7C83800FDD6D0 /* KSSwitchCamera_Sel@2x.png */ = {isa = PBXFileReference; lastKnownFileType = image.png; path = "KSSwitchCamera_Sel@2x.png"; sourceTree = "<group>"; };
		1787F5B41FE7C83800FDD6D0 /* KSSwitchCamera_Sel@3x.png */ = {isa = PBXFileReference; lastKnownFileType = image.png; path = "KSSwitchCamera_Sel@3x.png"; sourceTree = "<group>"; };
		1787F5B51FE7C83800FDD6D0 /* KSTakePhoto_Nor@2x.png */ = {isa = PBXFileReference; lastKnownFileType = image.png; path = "KSTakePhoto_Nor@2x.png"; sourceTree = "<group>"; };
		1787F5B61FE7C83800FDD6D0 /* KSTakePhoto_Nor@3x.png */ = {isa = PBXFileReference; lastKnownFileType = image.png; path = "KSTakePhoto_Nor@3x.png"; sourceTree = "<group>"; };
		1787F5B71FE7C83800FDD6D0 /* KSTakePhoto_Sel@2x.png */ = {isa = PBXFileReference; lastKnownFileType = image.png; path = "KSTakePhoto_Sel@2x.png"; sourceTree = "<group>"; };
		1787F5B81FE7C83800FDD6D0 /* KSTakePhoto_Sel@3x.png */ = {isa = PBXFileReference; lastKnownFileType = image.png; path = "KSTakePhoto_Sel@3x.png"; sourceTree = "<group>"; };
		1787F5CB1FE7C87B00FDD6D0 /* KSRecordProgressView.h */ = {isa = PBXFileReference; fileEncoding = 4; lastKnownFileType = sourcecode.c.h; path = KSRecordProgressView.h; sourceTree = "<group>"; };
		1787F5CC1FE7C87B00FDD6D0 /* KSRecordProgressView.m */ = {isa = PBXFileReference; fileEncoding = 4; lastKnownFileType = sourcecode.c.objc; path = KSRecordProgressView.m; sourceTree = "<group>"; };
/* End PBXFileReference section */

/* Begin PBXFrameworksBuildPhase section */
		1772B73B1F6A19BE00E49A96 /* Frameworks */ = {
			isa = PBXFrameworksBuildPhase;
			buildActionMask = 2147483647;
			files = (
				1772B7781F6A1BA500E49A96 /* MobileCoreServices.framework in Frameworks */,
				1772B7761F6A1B9700E49A96 /* AVFoundation.framework in Frameworks */,
			);
			runOnlyForDeploymentPostprocessing = 0;
		};
		1772B7541F6A19BE00E49A96 /* Frameworks */ = {
			isa = PBXFrameworksBuildPhase;
			buildActionMask = 2147483647;
			files = (
			);
			runOnlyForDeploymentPostprocessing = 0;
		};
		1772B75F1F6A19BE00E49A96 /* Frameworks */ = {
			isa = PBXFrameworksBuildPhase;
			buildActionMask = 2147483647;
			files = (
			);
			runOnlyForDeploymentPostprocessing = 0;
		};
/* End PBXFrameworksBuildPhase section */

/* Begin PBXGroup section */
		1772B7351F6A19BD00E49A96 = {
			isa = PBXGroup;
			children = (
				1772B7401F6A19BE00E49A96 /* KSCapture */,
				1772B75A1F6A19BE00E49A96 /* KSCaptureTests */,
				1772B7651F6A19BE00E49A96 /* KSCaptureUITests */,
				1772B73F1F6A19BE00E49A96 /* Products */,
				1772B7741F6A1B9700E49A96 /* Frameworks */,
			);
			sourceTree = "<group>";
		};
		1772B73F1F6A19BE00E49A96 /* Products */ = {
			isa = PBXGroup;
			children = (
				1772B73E1F6A19BE00E49A96 /* KSCapture.app */,
				1772B7571F6A19BE00E49A96 /* KSCaptureTests.xctest */,
				1772B7621F6A19BE00E49A96 /* KSCaptureUITests.xctest */,
			);
			name = Products;
			sourceTree = "<group>";
		};
		1772B7401F6A19BE00E49A96 /* KSCapture */ = {
			isa = PBXGroup;
			children = (
				1786F7251F6BAC3E008DC244 /* KSCapture */,
				1772B7411F6A19BE00E49A96 /* Supporting Files */,
			);
			path = KSCapture;
			sourceTree = "<group>";
		};
		1772B7411F6A19BE00E49A96 /* Supporting Files */ = {
			isa = PBXGroup;
			children = (
				1772B7441F6A19BE00E49A96 /* AppDelegate.h */,
				1772B7451F6A19BE00E49A96 /* AppDelegate.m */,
				1772B8841F6A7BD400E49A96 /* KSRootViewController.h */,
				1772B8851F6A7BD400E49A96 /* KSRootViewController.m */,
				1772B74D1F6A19BE00E49A96 /* Assets.xcassets */,
				1772B7521F6A19BE00E49A96 /* Info.plist */,
				1772B7421F6A19BE00E49A96 /* main.m */,
				1772B8491F6A307000E49A96 /* PrefixHeader.pch */,
			);
			name = "Supporting Files";
			sourceTree = "<group>";
		};
		1772B75A1F6A19BE00E49A96 /* KSCaptureTests */ = {
			isa = PBXGroup;
			children = (
				1772B75B1F6A19BE00E49A96 /* KSCaptureTests.m */,
				1772B75D1F6A19BE00E49A96 /* Info.plist */,
			);
			path = KSCaptureTests;
			sourceTree = "<group>";
		};
		1772B7651F6A19BE00E49A96 /* KSCaptureUITests */ = {
			isa = PBXGroup;
			children = (
				1772B7661F6A19BE00E49A96 /* KSCaptureUITests.m */,
				1772B7681F6A19BE00E49A96 /* Info.plist */,
			);
			path = KSCaptureUITests;
			sourceTree = "<group>";
		};
		1772B7741F6A1B9700E49A96 /* Frameworks */ = {
			isa = PBXGroup;
			children = (
				1772B7771F6A1BA500E49A96 /* MobileCoreServices.framework */,
				1772B7751F6A1B9700E49A96 /* AVFoundation.framework */,
			);
			name = Frameworks;
			sourceTree = "<group>";
		};
		1786F7251F6BAC3E008DC244 /* KSCapture */ = {
			isa = PBXGroup;
			children = (
				1786F7261F6BAC3E008DC244 /* KSCommon */,
				1786F7431F6BAC3E008DC244 /* KSTakePhoto */,
				1786F74D1F6BAC3E008DC244 /* KSTakeVideo */,
			);
			path = KSCapture;
			sourceTree = "<group>";
		};
		1786F7261F6BAC3E008DC244 /* KSCommon */ = {
			isa = PBXGroup;
			children = (
				1786F7291F6BAC3E008DC244 /* KSCaptureConfig.h */,
				1786F72A1F6BAC3E008DC244 /* KSCaptureTool.h */,
				1786F72B1F6BAC3E008DC244 /* KSCaptureTool.m */,
				1786F72C1F6BAC3E008DC244 /* KSMotionManager.h */,
				1786F72D1F6BAC3E008DC244 /* KSMotionManager.m */,
				1786F7271F6BAC3E008DC244 /* KSAVFoundationManager.h */,
				1786F7281F6BAC3E008DC244 /* KSAVFoundationManager.m */,
				1786F72E1F6BAC3E008DC244 /* Resource */,
				1786F73C1F6BAC3E008DC244 /* View */,
			);
			path = KSCommon;
			sourceTree = "<group>";
		};
		1786F72E1F6BAC3E008DC244 /* Resource */ = {
			isa = PBXGroup;
			children = (
				1787F5A71FE7C83800FDD6D0 /* KSCapture_OCR@2x.png */,
				1787F5A81FE7C83800FDD6D0 /* KSCapture_OCR@3x.png */,
				1787F5A91FE7C83800FDD6D0 /* KSCapture_scan_focus.png */,
				1787F5AA1FE7C83800FDD6D0 /* KSCapture_scan_focus@2x.png */,
				1787F5AB1FE7C83800FDD6D0 /* KSCapture_scan_focus@3x.png */,
				1787F5AC1FE7C83800FDD6D0 /* KSCaptureFlash_Off@2x.png */,
				1787F5AD1FE7C83800FDD6D0 /* KSCaptureFlash_Off@3x.png */,
				1787F5AE1FE7C83800FDD6D0 /* KSCaptureFlash_On@2x.png */,
				1787F5AF1FE7C83800FDD6D0 /* KSCaptureFlash_On@3x.png */,
				1787F5B01FE7C83800FDD6D0 /* KSCaptureGuideLine_Nor@2x.png */,
				1787F5B11FE7C83800FDD6D0 /* KSSwitchCamera_Nor@2x.png */,
				1787F5B21FE7C83800FDD6D0 /* KSSwitchCamera_Nor@3x.png */,
				1787F5B31FE7C83800FDD6D0 /* KSSwitchCamera_Sel@2x.png */,
				1787F5B41FE7C83800FDD6D0 /* KSSwitchCamera_Sel@3x.png */,
				1787F5B51FE7C83800FDD6D0 /* KSTakePhoto_Nor@2x.png */,
				1787F5B61FE7C83800FDD6D0 /* KSTakePhoto_Nor@3x.png */,
				1787F5B71FE7C83800FDD6D0 /* KSTakePhoto_Sel@2x.png */,
				1787F5B81FE7C83800FDD6D0 /* KSTakePhoto_Sel@3x.png */,
			);
			path = Resource;
			sourceTree = "<group>";
		};
		1786F73C1F6BAC3E008DC244 /* View */ = {
			isa = PBXGroup;
			children = (
				1786F73D1F6BAC3E008DC244 /* KSCaptureView.h */,
				1786F73E1F6BAC3E008DC244 /* KSCaptureView.m */,
				1786F73F1F6BAC3E008DC244 /* KSRecorderFocusTargetView.h */,
				1786F7401F6BAC3E008DC244 /* KSRecorderFocusTargetView.m */,
			);
			path = View;
			sourceTree = "<group>";
		};
		1786F7431F6BAC3E008DC244 /* KSTakePhoto */ = {
			isa = PBXGroup;
			children = (
				1786F7441F6BAC3E008DC244 /* Class */,
				1786F7471F6BAC3E008DC244 /* View */,
				1786F74A1F6BAC3E008DC244 /* ViewControllers */,
			);
			path = KSTakePhoto;
			sourceTree = "<group>";
		};
		1786F7441F6BAC3E008DC244 /* Class */ = {
			isa = PBXGroup;
			children = (
				1786F7451F6BAC3E008DC244 /* KSTakePhotoManager.h */,
				1786F7461F6BAC3E008DC244 /* KSTakePhotoManager.m */,
			);
			path = Class;
			sourceTree = "<group>";
		};
		1786F7471F6BAC3E008DC244 /* View */ = {
			isa = PBXGroup;
			children = (
				1786F7481F6BAC3E008DC244 /* KSTakePhotoOperateView.h */,
				1786F7491F6BAC3E008DC244 /* KSTakePhotoOperateView.m */,
			);
			path = View;
			sourceTree = "<group>";
		};
		1786F74A1F6BAC3E008DC244 /* ViewControllers */ = {
			isa = PBXGroup;
			children = (
				1786F74B1F6BAC3E008DC244 /* KSTakePhotoViewController.h */,
				1786F74C1F6BAC3E008DC244 /* KSTakePhotoViewController.m */,
			);
			path = ViewControllers;
			sourceTree = "<group>";
		};
		1786F74D1F6BAC3E008DC244 /* KSTakeVideo */ = {
			isa = PBXGroup;
			children = (
				1786F74E1F6BAC3E008DC244 /* Class */,
				1786F7571F6BAC3E008DC244 /* View */,
				1786F75A1F6BAC3E008DC244 /* ViewControllers */,
			);
			path = KSTakeVideo;
			sourceTree = "<group>";
		};
		1786F74E1F6BAC3E008DC244 /* Class */ = {
			isa = PBXGroup;
			children = (
				1786F74F1F6BAC3E008DC244 /* KSCaptureRecord */,
				1786F7541F6BAC3E008DC244 /* KSVideoPreview */,
			);
			path = Class;
			sourceTree = "<group>";
		};
		1786F74F1F6BAC3E008DC244 /* KSCaptureRecord */ = {
			isa = PBXGroup;
			children = (
				1786F7501F6BAC3E008DC244 /* KSTakeVideoManager.h */,
				1786F7511F6BAC3E008DC244 /* KSTakeVideoManager.m */,
				1786F7521F6BAC3E008DC244 /* KSVideoWriter.h */,
				1786F7531F6BAC3E008DC244 /* KSVideoWriter.m */,
			);
			path = KSCaptureRecord;
			sourceTree = "<group>";
		};
		1786F7541F6BAC3E008DC244 /* KSVideoPreview */ = {
			isa = PBXGroup;
			children = (
				1786F7551F6BAC3E008DC244 /* KSVideoPlayer.h */,
				1786F7561F6BAC3E008DC244 /* KSVideoPlayer.m */,
			);
			path = KSVideoPreview;
			sourceTree = "<group>";
		};
		1786F7571F6BAC3E008DC244 /* View */ = {
			isa = PBXGroup;
			children = (
				1786F7581F6BAC3E008DC244 /* KSTakeVideoOperateView.h */,
				1786F7591F6BAC3E008DC244 /* KSTakeVideoOperateView.m */,
				1787F5CB1FE7C87B00FDD6D0 /* KSRecordProgressView.h */,
				1787F5CC1FE7C87B00FDD6D0 /* KSRecordProgressView.m */,
			);
			path = View;
			sourceTree = "<group>";
		};
		1786F75A1F6BAC3E008DC244 /* ViewControllers */ = {
			isa = PBXGroup;
			children = (
				1786F75B1F6BAC3E008DC244 /* KSTakeVideoViewController.h */,
				1786F75C1F6BAC3E008DC244 /* KSTakeVideoViewController.m */,
			);
			path = ViewControllers;
			sourceTree = "<group>";
		};
/* End PBXGroup section */

/* Begin PBXNativeTarget section */
		1772B73D1F6A19BE00E49A96 /* KSCapture */ = {
			isa = PBXNativeTarget;
			buildConfigurationList = 1772B76B1F6A19BE00E49A96 /* Build configuration list for PBXNativeTarget "KSCapture" */;
			buildPhases = (
				1772B73A1F6A19BE00E49A96 /* Sources */,
				1772B73B1F6A19BE00E49A96 /* Frameworks */,
				1772B73C1F6A19BE00E49A96 /* Resources */,
			);
			buildRules = (
			);
			dependencies = (
			);
			name = KSCapture;
			productName = KSCapture;
			productReference = 1772B73E1F6A19BE00E49A96 /* KSCapture.app */;
			productType = "com.apple.product-type.application";
		};
		1772B7561F6A19BE00E49A96 /* KSCaptureTests */ = {
			isa = PBXNativeTarget;
			buildConfigurationList = 1772B76E1F6A19BE00E49A96 /* Build configuration list for PBXNativeTarget "KSCaptureTests" */;
			buildPhases = (
				1772B7531F6A19BE00E49A96 /* Sources */,
				1772B7541F6A19BE00E49A96 /* Frameworks */,
				1772B7551F6A19BE00E49A96 /* Resources */,
			);
			buildRules = (
			);
			dependencies = (
				1772B7591F6A19BE00E49A96 /* PBXTargetDependency */,
			);
			name = KSCaptureTests;
			productName = KSCaptureTests;
			productReference = 1772B7571F6A19BE00E49A96 /* KSCaptureTests.xctest */;
			productType = "com.apple.product-type.bundle.unit-test";
		};
		1772B7611F6A19BE00E49A96 /* KSCaptureUITests */ = {
			isa = PBXNativeTarget;
			buildConfigurationList = 1772B7711F6A19BE00E49A96 /* Build configuration list for PBXNativeTarget "KSCaptureUITests" */;
			buildPhases = (
				1772B75E1F6A19BE00E49A96 /* Sources */,
				1772B75F1F6A19BE00E49A96 /* Frameworks */,
				1772B7601F6A19BE00E49A96 /* Resources */,
			);
			buildRules = (
			);
			dependencies = (
				1772B7641F6A19BE00E49A96 /* PBXTargetDependency */,
			);
			name = KSCaptureUITests;
			productName = KSCaptureUITests;
			productReference = 1772B7621F6A19BE00E49A96 /* KSCaptureUITests.xctest */;
			productType = "com.apple.product-type.bundle.ui-testing";
		};
/* End PBXNativeTarget section */

/* Begin PBXProject section */
		1772B7361F6A19BD00E49A96 /* Project object */ = {
			isa = PBXProject;
			attributes = {
				LastUpgradeCheck = 0830;
				ORGANIZATIONNAME = kris;
				TargetAttributes = {
					1772B73D1F6A19BE00E49A96 = {
						CreatedOnToolsVersion = 8.3;
						DevelopmentTeam = U544UZ6F95;
						ProvisioningStyle = Automatic;
					};
					1772B7561F6A19BE00E49A96 = {
						CreatedOnToolsVersion = 8.3;
						DevelopmentTeam = U544UZ6F95;
						ProvisioningStyle = Automatic;
						TestTargetID = 1772B73D1F6A19BE00E49A96;
					};
					1772B7611F6A19BE00E49A96 = {
						CreatedOnToolsVersion = 8.3;
						DevelopmentTeam = U544UZ6F95;
						ProvisioningStyle = Automatic;
						TestTargetID = 1772B73D1F6A19BE00E49A96;
					};
				};
			};
			buildConfigurationList = 1772B7391F6A19BD00E49A96 /* Build configuration list for PBXProject "KSCapture" */;
			compatibilityVersion = "Xcode 3.2";
			developmentRegion = English;
			hasScannedForEncodings = 0;
			knownRegions = (
				en,
				Base,
			);
			mainGroup = 1772B7351F6A19BD00E49A96;
			productRefGroup = 1772B73F1F6A19BE00E49A96 /* Products */;
			projectDirPath = "";
			projectRoot = "";
			targets = (
				1772B73D1F6A19BE00E49A96 /* KSCapture */,
				1772B7561F6A19BE00E49A96 /* KSCaptureTests */,
				1772B7611F6A19BE00E49A96 /* KSCaptureUITests */,
			);
		};
/* End PBXProject section */

/* Begin PBXResourcesBuildPhase section */
		1772B73C1F6A19BE00E49A96 /* Resources */ = {
			isa = PBXResourcesBuildPhase;
			buildActionMask = 2147483647;
			files = (
				1787F5BB1FE7C83800FDD6D0 /* KSCapture_scan_focus.png in Resources */,
				1787F5BF1FE7C83800FDD6D0 /* KSCaptureFlash_Off@3x.png in Resources */,
				1787F5BA1FE7C83800FDD6D0 /* KSCapture_OCR@3x.png in Resources */,
				1787F5BD1FE7C83800FDD6D0 /* KSCapture_scan_focus@3x.png in Resources */,
				1787F5CA1FE7C83800FDD6D0 /* KSTakePhoto_Sel@3x.png in Resources */,
				1787F5C21FE7C83800FDD6D0 /* KSCaptureGuideLine_Nor@2x.png in Resources */,
				1787F5C31FE7C83800FDD6D0 /* KSSwitchCamera_Nor@2x.png in Resources */,
				1787F5C11FE7C83800FDD6D0 /* KSCaptureFlash_On@3x.png in Resources */,
				1787F5C41FE7C83800FDD6D0 /* KSSwitchCamera_Nor@3x.png in Resources */,
				1787F5C51FE7C83800FDD6D0 /* KSSwitchCamera_Sel@2x.png in Resources */,
				1787F5C61FE7C83800FDD6D0 /* KSSwitchCamera_Sel@3x.png in Resources */,
				1787F5BC1FE7C83800FDD6D0 /* KSCapture_scan_focus@2x.png in Resources */,
				1787F5B91FE7C83800FDD6D0 /* KSCapture_OCR@2x.png in Resources */,
				1787F5BE1FE7C83800FDD6D0 /* KSCaptureFlash_Off@2x.png in Resources */,
				1787F5C91FE7C83800FDD6D0 /* KSTakePhoto_Sel@2x.png in Resources */,
				1772B74E1F6A19BE00E49A96 /* Assets.xcassets in Resources */,
				1787F5C71FE7C83800FDD6D0 /* KSTakePhoto_Nor@2x.png in Resources */,
				1787F5C01FE7C83800FDD6D0 /* KSCaptureFlash_On@2x.png in Resources */,
				1787F5C81FE7C83800FDD6D0 /* KSTakePhoto_Nor@3x.png in Resources */,
			);
			runOnlyForDeploymentPostprocessing = 0;
		};
		1772B7551F6A19BE00E49A96 /* Resources */ = {
			isa = PBXResourcesBuildPhase;
			buildActionMask = 2147483647;
			files = (
			);
			runOnlyForDeploymentPostprocessing = 0;
		};
		1772B7601F6A19BE00E49A96 /* Resources */ = {
			isa = PBXResourcesBuildPhase;
			buildActionMask = 2147483647;
			files = (
			);
			runOnlyForDeploymentPostprocessing = 0;
		};
/* End PBXResourcesBuildPhase section */

/* Begin PBXSourcesBuildPhase section */
		1772B73A1F6A19BE00E49A96 /* Sources */ = {
			isa = PBXSourcesBuildPhase;
			buildActionMask = 2147483647;
			files = (
				1786F76D1F6BAC3E008DC244 /* KSCaptureView.m in Sources */,
				1786F7701F6BAC3E008DC244 /* KSTakePhotoManager.m in Sources */,
				1786F7771F6BAC3E008DC244 /* KSTakeVideoViewController.m in Sources */,
				1772B7461F6A19BE00E49A96 /* AppDelegate.m in Sources */,
				1786F7711F6BAC3E008DC244 /* KSTakePhotoOperateView.m in Sources */,
				1786F7751F6BAC3E008DC244 /* KSVideoPlayer.m in Sources */,
				1787F5CD1FE7C87B00FDD6D0 /* KSRecordProgressView.m in Sources */,
				1786F7741F6BAC3E008DC244 /* KSVideoWriter.m in Sources */,
				1786F75F1F6BAC3E008DC244 /* KSMotionManager.m in Sources */,
				1786F7731F6BAC3E008DC244 /* KSTakeVideoManager.m in Sources */,
				1786F7761F6BAC3E008DC244 /* KSTakeVideoOperateView.m in Sources */,
				1786F75D1F6BAC3E008DC244 /* KSAVFoundationManager.m in Sources */,
				1786F7721F6BAC3E008DC244 /* KSTakePhotoViewController.m in Sources */,
				1786F76E1F6BAC3E008DC244 /* KSRecorderFocusTargetView.m in Sources */,
				1772B7431F6A19BE00E49A96 /* main.m in Sources */,
				1772B8861F6A7BD400E49A96 /* KSRootViewController.m in Sources */,
				1786F75E1F6BAC3E008DC244 /* KSCaptureTool.m in Sources */,
			);
			runOnlyForDeploymentPostprocessing = 0;
		};
		1772B7531F6A19BE00E49A96 /* Sources */ = {
			isa = PBXSourcesBuildPhase;
			buildActionMask = 2147483647;
			files = (
				1772B75C1F6A19BE00E49A96 /* KSCaptureTests.m in Sources */,
			);
			runOnlyForDeploymentPostprocessing = 0;
		};
		1772B75E1F6A19BE00E49A96 /* Sources */ = {
			isa = PBXSourcesBuildPhase;
			buildActionMask = 2147483647;
			files = (
				1772B7671F6A19BE00E49A96 /* KSCaptureUITests.m in Sources */,
			);
			runOnlyForDeploymentPostprocessing = 0;
		};
/* End PBXSourcesBuildPhase section */

/* Begin PBXTargetDependency section */
		1772B7591F6A19BE00E49A96 /* PBXTargetDependency */ = {
			isa = PBXTargetDependency;
			target = 1772B73D1F6A19BE00E49A96 /* KSCapture */;
			targetProxy = 1772B7581F6A19BE00E49A96 /* PBXContainerItemProxy */;
		};
		1772B7641F6A19BE00E49A96 /* PBXTargetDependency */ = {
			isa = PBXTargetDependency;
			target = 1772B73D1F6A19BE00E49A96 /* KSCapture */;
			targetProxy = 1772B7631F6A19BE00E49A96 /* PBXContainerItemProxy */;
		};
/* End PBXTargetDependency section */

/* Begin XCBuildConfiguration section */
		1772B7691F6A19BE00E49A96 /* Debug */ = {
			isa = XCBuildConfiguration;
			buildSettings = {
				ALWAYS_SEARCH_USER_PATHS = NO;
				CLANG_ANALYZER_NONNULL = YES;
				CLANG_ANALYZER_NUMBER_OBJECT_CONVERSION = YES_AGGRESSIVE;
				CLANG_CXX_LANGUAGE_STANDARD = "gnu++0x";
				CLANG_CXX_LIBRARY = "libc++";
				CLANG_ENABLE_MODULES = YES;
				CLANG_ENABLE_OBJC_ARC = YES;
				CLANG_WARN_BOOL_CONVERSION = YES;
				CLANG_WARN_CONSTANT_CONVERSION = YES;
				CLANG_WARN_DIRECT_OBJC_ISA_USAGE = YES_ERROR;
				CLANG_WARN_DOCUMENTATION_COMMENTS = YES;
				CLANG_WARN_EMPTY_BODY = YES;
				CLANG_WARN_ENUM_CONVERSION = YES;
				CLANG_WARN_INFINITE_RECURSION = YES;
				CLANG_WARN_INT_CONVERSION = YES;
				CLANG_WARN_OBJC_ROOT_CLASS = YES_ERROR;
				CLANG_WARN_SUSPICIOUS_MOVE = YES;
				CLANG_WARN_UNREACHABLE_CODE = YES;
				CLANG_WARN__DUPLICATE_METHOD_MATCH = YES;
				"CODE_SIGN_IDENTITY[sdk=iphoneos*]" = "iPhone Developer";
				COPY_PHASE_STRIP = NO;
				DEBUG_INFORMATION_FORMAT = dwarf;
				ENABLE_STRICT_OBJC_MSGSEND = YES;
				ENABLE_TESTABILITY = YES;
				GCC_C_LANGUAGE_STANDARD = gnu99;
				GCC_DYNAMIC_NO_PIC = NO;
				GCC_NO_COMMON_BLOCKS = YES;
				GCC_OPTIMIZATION_LEVEL = 0;
				GCC_PREPROCESSOR_DEFINITIONS = (
					"DEBUG=1",
					"$(inherited)",
				);
				GCC_WARN_64_TO_32_BIT_CONVERSION = YES;
				GCC_WARN_ABOUT_RETURN_TYPE = YES_ERROR;
				GCC_WARN_UNDECLARED_SELECTOR = YES;
				GCC_WARN_UNINITIALIZED_AUTOS = YES_AGGRESSIVE;
				GCC_WARN_UNUSED_FUNCTION = YES;
				GCC_WARN_UNUSED_VARIABLE = YES;
				IPHONEOS_DEPLOYMENT_TARGET = 8.0;
				MTL_ENABLE_DEBUG_INFO = YES;
				ONLY_ACTIVE_ARCH = YES;
				SDKROOT = iphoneos;
			};
			name = Debug;
		};
		1772B76A1F6A19BE00E49A96 /* Release */ = {
			isa = XCBuildConfiguration;
			buildSettings = {
				ALWAYS_SEARCH_USER_PATHS = NO;
				CLANG_ANALYZER_NONNULL = YES;
				CLANG_ANALYZER_NUMBER_OBJECT_CONVERSION = YES_AGGRESSIVE;
				CLANG_CXX_LANGUAGE_STANDARD = "gnu++0x";
				CLANG_CXX_LIBRARY = "libc++";
				CLANG_ENABLE_MODULES = YES;
				CLANG_ENABLE_OBJC_ARC = YES;
				CLANG_WARN_BOOL_CONVERSION = YES;
				CLANG_WARN_CONSTANT_CONVERSION = YES;
				CLANG_WARN_DIRECT_OBJC_ISA_USAGE = YES_ERROR;
				CLANG_WARN_DOCUMENTATION_COMMENTS = YES;
				CLANG_WARN_EMPTY_BODY = YES;
				CLANG_WARN_ENUM_CONVERSION = YES;
				CLANG_WARN_INFINITE_RECURSION = YES;
				CLANG_WARN_INT_CONVERSION = YES;
				CLANG_WARN_OBJC_ROOT_CLASS = YES_ERROR;
				CLANG_WARN_SUSPICIOUS_MOVE = YES;
				CLANG_WARN_UNREACHABLE_CODE = YES;
				CLANG_WARN__DUPLICATE_METHOD_MATCH = YES;
				"CODE_SIGN_IDENTITY[sdk=iphoneos*]" = "iPhone Developer";
				COPY_PHASE_STRIP = NO;
				DEBUG_INFORMATION_FORMAT = "dwarf-with-dsym";
				ENABLE_NS_ASSERTIONS = NO;
				ENABLE_STRICT_OBJC_MSGSEND = YES;
				GCC_C_LANGUAGE_STANDARD = gnu99;
				GCC_NO_COMMON_BLOCKS = YES;
				GCC_WARN_64_TO_32_BIT_CONVERSION = YES;
				GCC_WARN_ABOUT_RETURN_TYPE = YES_ERROR;
				GCC_WARN_UNDECLARED_SELECTOR = YES;
				GCC_WARN_UNINITIALIZED_AUTOS = YES_AGGRESSIVE;
				GCC_WARN_UNUSED_FUNCTION = YES;
				GCC_WARN_UNUSED_VARIABLE = YES;
				IPHONEOS_DEPLOYMENT_TARGET = 8.0;
				MTL_ENABLE_DEBUG_INFO = NO;
				SDKROOT = iphoneos;
				VALIDATE_PRODUCT = YES;
			};
			name = Release;
		};
		1772B76C1F6A19BE00E49A96 /* Debug */ = {
			isa = XCBuildConfiguration;
			buildSettings = {
				ASSETCATALOG_COMPILER_APPICON_NAME = AppIcon;
				ASSETCATALOG_COMPILER_LAUNCHIMAGE_NAME = LaunchImage;
				DEVELOPMENT_TEAM = U544UZ6F95;
				GCC_PRECOMPILE_PREFIX_HEADER = YES;
				GCC_PREFIX_HEADER = "$(SRCROOT)/$(PROJECT_NAME)/PrefixHeader.pch";
				INFOPLIST_FILE = KSCapture/Info.plist;
				LD_RUNPATH_SEARCH_PATHS = "$(inherited) @executable_path/Frameworks";
				PRODUCT_BUNDLE_IDENTIFIER = com.kris.KSCapture;
				PRODUCT_NAME = "$(TARGET_NAME)";
			};
			name = Debug;
		};
		1772B76D1F6A19BE00E49A96 /* Release */ = {
			isa = XCBuildConfiguration;
			buildSettings = {
				ASSETCATALOG_COMPILER_APPICON_NAME = AppIcon;
				ASSETCATALOG_COMPILER_LAUNCHIMAGE_NAME = LaunchImage;
				DEVELOPMENT_TEAM = U544UZ6F95;
				GCC_PRECOMPILE_PREFIX_HEADER = YES;
				GCC_PREFIX_HEADER = "$(SRCROOT)/$(PROJECT_NAME)/PrefixHeader.pch";
				INFOPLIST_FILE = KSCapture/Info.plist;
				LD_RUNPATH_SEARCH_PATHS = "$(inherited) @executable_path/Frameworks";
				PRODUCT_BUNDLE_IDENTIFIER = com.kris.KSCapture;
				PRODUCT_NAME = "$(TARGET_NAME)";
			};
			name = Release;
		};
		1772B76F1F6A19BE00E49A96 /* Debug */ = {
			isa = XCBuildConfiguration;
			buildSettings = {
				BUNDLE_LOADER = "$(TEST_HOST)";
				DEVELOPMENT_TEAM = U544UZ6F95;
				INFOPLIST_FILE = KSCaptureTests/Info.plist;
				LD_RUNPATH_SEARCH_PATHS = "$(inherited) @executable_path/Frameworks @loader_path/Frameworks";
				PRODUCT_BUNDLE_IDENTIFIER = com.kris.KSCaptureTests;
				PRODUCT_NAME = "$(TARGET_NAME)";
				TEST_HOST = "$(BUILT_PRODUCTS_DIR)/KSCapture.app/KSCapture";
			};
			name = Debug;
		};
		1772B7701F6A19BE00E49A96 /* Release */ = {
			isa = XCBuildConfiguration;
			buildSettings = {
				BUNDLE_LOADER = "$(TEST_HOST)";
				DEVELOPMENT_TEAM = U544UZ6F95;
				INFOPLIST_FILE = KSCaptureTests/Info.plist;
				LD_RUNPATH_SEARCH_PATHS = "$(inherited) @executable_path/Frameworks @loader_path/Frameworks";
				PRODUCT_BUNDLE_IDENTIFIER = com.kris.KSCaptureTests;
				PRODUCT_NAME = "$(TARGET_NAME)";
				TEST_HOST = "$(BUILT_PRODUCTS_DIR)/KSCapture.app/KSCapture";
			};
			name = Release;
		};
		1772B7721F6A19BE00E49A96 /* Debug */ = {
			isa = XCBuildConfiguration;
			buildSettings = {
				DEVELOPMENT_TEAM = U544UZ6F95;
				INFOPLIST_FILE = KSCaptureUITests/Info.plist;
				LD_RUNPATH_SEARCH_PATHS = "$(inherited) @executable_path/Frameworks @loader_path/Frameworks";
				PRODUCT_BUNDLE_IDENTIFIER = com.kris.KSCaptureUITests;
				PRODUCT_NAME = "$(TARGET_NAME)";
				TEST_TARGET_NAME = KSCapture;
			};
			name = Debug;
		};
		1772B7731F6A19BE00E49A96 /* Release */ = {
			isa = XCBuildConfiguration;
			buildSettings = {
				DEVELOPMENT_TEAM = U544UZ6F95;
				INFOPLIST_FILE = KSCaptureUITests/Info.plist;
				LD_RUNPATH_SEARCH_PATHS = "$(inherited) @executable_path/Frameworks @loader_path/Frameworks";
				PRODUCT_BUNDLE_IDENTIFIER = com.kris.KSCaptureUITests;
				PRODUCT_NAME = "$(TARGET_NAME)";
				TEST_TARGET_NAME = KSCapture;
			};
			name = Release;
		};
/* End XCBuildConfiguration section */

/* Begin XCConfigurationList section */
		1772B7391F6A19BD00E49A96 /* Build configuration list for PBXProject "KSCapture" */ = {
			isa = XCConfigurationList;
			buildConfigurations = (
				1772B7691F6A19BE00E49A96 /* Debug */,
				1772B76A1F6A19BE00E49A96 /* Release */,
			);
			defaultConfigurationIsVisible = 0;
			defaultConfigurationName = Release;
		};
		1772B76B1F6A19BE00E49A96 /* Build configuration list for PBXNativeTarget "KSCapture" */ = {
			isa = XCConfigurationList;
			buildConfigurations = (
				1772B76C1F6A19BE00E49A96 /* Debug */,
				1772B76D1F6A19BE00E49A96 /* Release */,
			);
			defaultConfigurationIsVisible = 0;
			defaultConfigurationName = Release;
		};
		1772B76E1F6A19BE00E49A96 /* Build configuration list for PBXNativeTarget "KSCaptureTests" */ = {
			isa = XCConfigurationList;
			buildConfigurations = (
				1772B76F1F6A19BE00E49A96 /* Debug */,
				1772B7701F6A19BE00E49A96 /* Release */,
			);
			defaultConfigurationIsVisible = 0;
			defaultConfigurationName = Release;
		};
		1772B7711F6A19BE00E49A96 /* Build configuration list for PBXNativeTarget "KSCaptureUITests" */ = {
			isa = XCConfigurationList;
			buildConfigurations = (
				1772B7721F6A19BE00E49A96 /* Debug */,
				1772B7731F6A19BE00E49A96 /* Release */,
			);
			defaultConfigurationIsVisible = 0;
			defaultConfigurationName = Release;
		};
/* End XCConfigurationList section */
	};
	rootObject = 1772B7361F6A19BD00E49A96 /* Project object */;
}
